
Microsoft Visual Studio Solution File, Format Version 12.00
# Visual Studio 15
VisualStudioVersion = 15.0.28307.421
MinimumVisualStudioVersion = 10.0.40219.1
Project("{FAE04EC0-301F-11D3-BF4B-00C04F79EFBC}") = "PasswordGenerator", "PasswordGenerator\PasswordGenerator.csproj", "{E1B9FE62-8CE4-4C8D-B9DB-3E54860EF5DF}"
EndProject
Global
	GlobalSection(SolutionConfigurationPlatforms) = preSolution
		Debug|Any CPU = Debug|Any CPU
		Release|Any CPU = Release|Any CPU
	EndGlobalSection
	GlobalSection(ProjectConfigurationPlatforms) = postSolution
		{E1B9FE62-8CE4-4C8D-B9DB-3E54860EF5DF}.Debug|Any CPU.ActiveCfg = Debug|Any CPU
		{E1B9FE62-8CE4-4C8D-B9DB-3E54860EF5DF}.Debug|Any CPU.Build.0 = Debug|Any CPU
		{E1B9FE62-8CE4-4C8D-B9DB-3E54860EF5DF}.Release|Any CPU.ActiveCfg = Release|Any CPU
		{E1B9FE62-8CE4-4C8D-B9DB-3E54860EF5DF}.Release|Any CPU.Build.0 = Release|Any CPU
	EndGlobalSection
	GlobalSection(SolutionProperties) = preSolution
		HideSolutionNode = FALSE
	EndGlobalSection
	GlobalSection(ExtensibilityGlobals) = postSolution
		SolutionGuid = {6104D9BC-C619-41D1-8F46-112E1A6FA50A}
	EndGlobalSection
EndGlobal
